{
  "requires": true,
  "lockfileVersion": 1,
  "dependencies": {
    "gitbook-plugin-addcssjs": {
      "version": "1.0.2",
      "resolved": "https://registry.npmjs.org/gitbook-plugin-addcssjs/-/gitbook-plugin-addcssjs-1.0.2.tgz",
      "integrity": "sha1-ddta1kR03PPVkqpnwVnjoXzmKE0="
    },
    "gitbook-plugin-custom-favicon": {
      "version": "0.0.4",
      "resolved": "https://registry.npmjs.org/gitbook-plugin-custom-favicon/-/gitbook-plugin-custom-favicon-0.0.4.tgz",
      "integrity": "sha1-y3NynUdYy3xsVk6O+wNdH24Irs8="
    },
    "gitbook-plugin-favicon-plus": {
      "version": "1.0.5",
      "resolved": "https://registry.npmjs.org/gitbook-plugin-favicon-plus/-/gitbook-plugin-favicon-plus-1.0.5.tgz",
      "integrity": "sha512-b5bHOY9uxga5J1SdikFrO9p/PWdKwMjMsh9q71u1EMhHYML/8T8WdfwlqTHnyk5GVIsaTP9P8Fe7TibyTWsrIQ=="
    },
    "gitbook-plugin-search-plus": {
      "version": "1.0.3",
      "resolved": "https://registry.npmjs.org/gitbook-plugin-search-plus/-/gitbook-plugin-search-plus-1.0.3.tgz",
      "integrity": "sha1-oy7GCZ5WQTkCJMv3XIx34PiuMVw=",
      "requires": {
        "html-entities": "1.2.0"
      }
    },
    "gitbook-plugin-theme-default": {
      "version": "1.0.7",
      "resolved": "https://registry.npmjs.org/gitbook-plugin-theme-default/-/gitbook-plugin-theme-default-1.0.7.tgz",
      "integrity": "sha1-UfcfvKdKJhBU6enRQcQhZ6/vzog="
    },
    "html-entities": {
      "version": "1.2.0",
      "resolved": "https://registry.npmjs.org/html-entities/-/html-entities-1.2.0.tgz",
      "integrity": "sha1-QZSMr4XOgv7Tbk5qDtNxpmZDeeI="
    }
  }
}
